
Microsoft Visual Studio Solution File, Format Version 12.00
# Visual Studio Version 17
VisualStudioVersion = 17.5.002.0
MinimumVisualStudioVersion = 10.0.40219.1
Project("{9A19103F-16F7-4668-BE54-9A1E7A4F7556}") = "GuacamoleLinuxApp", "GuacamoleLinuxApp.csproj", "{A3CE8CA7-76F2-4869-8DF9-44D5CC829099}"
EndProject
Global
	GlobalSection(SolutionConfigurationPlatforms) = preSolution
		Debug|Any CPU = Debug|Any CPU
		Release|Any CPU = Release|Any CPU
	EndGlobalSection
	GlobalSection(ProjectConfigurationPlatforms) = postSolution
		{A3CE8CA7-76F2-4869-8DF9-44D5CC829099}.Debug|Any CPU.ActiveCfg = Debug|Any CPU
		{A3CE8CA7-76F2-4869-8DF9-44D5CC829099}.Debug|Any CPU.Build.0 = Debug|Any CPU
		{A3CE8CA7-76F2-4869-8DF9-44D5CC829099}.Release|Any CPU.ActiveCfg = Release|Any CPU
		{A3CE8CA7-76F2-4869-8DF9-44D5CC829099}.Release|Any CPU.Build.0 = Release|Any CPU
	EndGlobalSection
	GlobalSection(SolutionProperties) = preSolution
		HideSolutionNode = FALSE
	EndGlobalSection
	GlobalSection(ExtensibilityGlobals) = postSolution
		SolutionGuid = {B3208537-31DB-4BFC-9264-E4FCC12233FE}
	EndGlobalSection
EndGlobal
